{
    "name": "zrc",
    "version": "1.0.0",
    "lockfileVersion": 2,
    "requires": true,
    "packages": {
        "": {
            "name": "zrc",
            "version": "1.0.0",
            "license": "ISC",
            "dependencies": {
                "@zen-lang/hl7-fhir-r4-core": "^0.5.21-14",
                "@zen-lang/hl7-fhir-us-core": "^0.5.21-14"
            }
        },
        "node_modules/@zen-lang/hl7-fhir-r4-core": {
            "version": "0.5.32",
            "resolved": "https://registry.npmjs.org/@zen-lang/hl7-fhir-r4-core/-/hl7-fhir-r4-core-0.5.32.tgz",
            "integrity": "sha512-zNJmVQppkBTLFIGDfutOhjEacGdeTaH7eOpltro1A3mqQOuWYLWjHH/v0iPabM+ctRJ8bdGzk8zECdexk/cxqw==",
            "dependencies": {
                "@zen-lang/zen.fhir": "0.5.21"
            }
        },
        "node_modules/@zen-lang/hl7-fhir-us-core": {
            "version": "0.5.32",
            "resolved": "https://registry.npmjs.org/@zen-lang/hl7-fhir-us-core/-/hl7-fhir-us-core-0.5.32.tgz",
            "integrity": "sha512-h3oWAdKOR4X/6qsggiJ8E0xV4o+wl9xe9fr4MnASxihWM0jazQX632EVZqeem0Dj8I3s+5yZlecmOzCQsuh3wA==",
            "dependencies": {
                "@zen-lang/hl7-fhir-r4-core": "0.5.32",
                "@zen-lang/hl7-fhir-uv-bulkdata": "0.5.32",
                "@zen-lang/hl7-fhir-uv-sdc": "0.5.32",
                "@zen-lang/hl7-terminology-r4": "0.5.32",
                "@zen-lang/us-nlm-vsac": "0.5.32",
                "@zen-lang/zen.fhir": "0.5.21"
            }
        },
        "node_modules/@zen-lang/hl7-fhir-uv-bulkdata": {
            "version": "0.5.32",
            "resolved": "https://registry.npmjs.org/@zen-lang/hl7-fhir-uv-bulkdata/-/hl7-fhir-uv-bulkdata-0.5.32.tgz",
            "integrity": "sha512-9DAOQSQVOvD34YMzd1JGj5HnSNFe4OGHo+CrbazhF6VCgMd7jeGlqTZr27FajxMc7+t6XkOIyTXQM/1MR9qfjQ==",
            "dependencies": {
                "@zen-lang/hl7-fhir-r4-core": "0.5.32",
                "@zen-lang/zen.fhir": "0.5.21"
            }
        },
        "node_modules/@zen-lang/hl7-fhir-uv-sdc": {
            "version": "0.5.32",
            "resolved": "https://registry.npmjs.org/@zen-lang/hl7-fhir-uv-sdc/-/hl7-fhir-uv-sdc-0.5.32.tgz",
            "integrity": "sha512-6f9zArAVh1GIhsLxwgUmlwidyrv93kxAA8wIOvDg1ZiUmkU5Oj+GOGjXvMaoDwNHtKgn2FlThcw82kuUTLncvg==",
            "dependencies": {
                "@zen-lang/hl7-fhir-r4-core": "0.5.32",
                "@zen-lang/zen.fhir": "0.5.21"
            }
        },
        "node_modules/@zen-lang/hl7-terminology-r4": {
            "version": "0.5.32",
            "resolved": "https://registry.npmjs.org/@zen-lang/hl7-terminology-r4/-/hl7-terminology-r4-0.5.32.tgz",
            "integrity": "sha512-H/AI91l3swWu6GSewoJyNHUEZbYAxH2H+Kooh7DZ9sU1d08W/u/4zi9livX5c0rkUvJKf2QVL6KIVQ3jmGG/3w==",
            "dependencies": {
                "@zen-lang/hl7-fhir-r4-core": "0.5.32",
                "@zen-lang/zen.fhir": "0.5.21"
            }
        },
        "node_modules/@zen-lang/us-nlm-vsac": {
            "version": "0.5.32",
            "resolved": "https://registry.npmjs.org/@zen-lang/us-nlm-vsac/-/us-nlm-vsac-0.5.32.tgz",
            "integrity": "sha512-y0dsyWgEPW4GOhSTatgGnfe2bUbzk8/nvEB6Ee9ER919aMVzaIVNiOxsb7LeiLXs4e+oiDOtXPnX2WBUTBIDfg==",
            "dependencies": {
                "@zen-lang/hl7-fhir-r4-core": "0.5.32",
                "@zen-lang/zen.fhir": "0.5.21"
            }
        },
        "node_modules/@zen-lang/zen.fhir": {
            "version": "0.5.21",
            "resolved": "https://registry.npmjs.org/@zen-lang/zen.fhir/-/zen.fhir-0.5.21.tgz",
            "integrity": "sha512-Rlym2K+mVgHFeK3NFY6Xcl21t7p3bS3eCYVrJpzMWlqBOh7mhZPg5kKpqiD1YZVcmjmtnMZ4N74af+KEgbAtoQ=="
        }
    },
    "dependencies": {
        "@zen-lang/hl7-fhir-r4-core": {
            "version": "0.5.32",
            "resolved": "https://registry.npmjs.org/@zen-lang/hl7-fhir-r4-core/-/hl7-fhir-r4-core-0.5.32.tgz",
            "integrity": "sha512-zNJmVQppkBTLFIGDfutOhjEacGdeTaH7eOpltro1A3mqQOuWYLWjHH/v0iPabM+ctRJ8bdGzk8zECdexk/cxqw==",
            "requires": {
                "@zen-lang/zen.fhir": "0.5.21"
            }
        },
        "@zen-lang/hl7-fhir-us-core": {
            "version": "0.5.32",
            "resolved": "https://registry.npmjs.org/@zen-lang/hl7-fhir-us-core/-/hl7-fhir-us-core-0.5.32.tgz",
            "integrity": "sha512-h3oWAdKOR4X/6qsggiJ8E0xV4o+wl9xe9fr4MnASxihWM0jazQX632EVZqeem0Dj8I3s+5yZlecmOzCQsuh3wA==",
            "requires": {
                "@zen-lang/hl7-fhir-r4-core": "0.5.32",
                "@zen-lang/hl7-fhir-uv-bulkdata": "0.5.32",
                "@zen-lang/hl7-fhir-uv-sdc": "0.5.32",
                "@zen-lang/hl7-terminology-r4": "0.5.32",
                "@zen-lang/us-nlm-vsac": "0.5.32",
                "@zen-lang/zen.fhir": "0.5.21"
            }
        },
        "@zen-lang/hl7-fhir-uv-bulkdata": {
            "version": "0.5.32",
            "resolved": "https://registry.npmjs.org/@zen-lang/hl7-fhir-uv-bulkdata/-/hl7-fhir-uv-bulkdata-0.5.32.tgz",
            "integrity": "sha512-9DAOQSQVOvD34YMzd1JGj5HnSNFe4OGHo+CrbazhF6VCgMd7jeGlqTZr27FajxMc7+t6XkOIyTXQM/1MR9qfjQ==",
            "requires": {
                "@zen-lang/hl7-fhir-r4-core": "0.5.32",
                "@zen-lang/zen.fhir": "0.5.21"
            }
        },
        "@zen-lang/hl7-fhir-uv-sdc": {
            "version": "0.5.32",
            "resolved": "https://registry.npmjs.org/@zen-lang/hl7-fhir-uv-sdc/-/hl7-fhir-uv-sdc-0.5.32.tgz",
            "integrity": "sha512-6f9zArAVh1GIhsLxwgUmlwidyrv93kxAA8wIOvDg1ZiUmkU5Oj+GOGjXvMaoDwNHtKgn2FlThcw82kuUTLncvg==",
            "requires": {
                "@zen-lang/hl7-fhir-r4-core": "0.5.32",
                "@zen-lang/zen.fhir": "0.5.21"
            }
        },
        "@zen-lang/hl7-terminology-r4": {
            "version": "0.5.32",
            "resolved": "https://registry.npmjs.org/@zen-lang/hl7-terminology-r4/-/hl7-terminology-r4-0.5.32.tgz",
            "integrity": "sha512-H/AI91l3swWu6GSewoJyNHUEZbYAxH2H+Kooh7DZ9sU1d08W/u/4zi9livX5c0rkUvJKf2QVL6KIVQ3jmGG/3w==",
            "requires": {
                "@zen-lang/hl7-fhir-r4-core": "0.5.32",
                "@zen-lang/zen.fhir": "0.5.21"
            }
        },
        "@zen-lang/us-nlm-vsac": {
            "version": "0.5.32",
            "resolved": "https://registry.npmjs.org/@zen-lang/us-nlm-vsac/-/us-nlm-vsac-0.5.32.tgz",
            "integrity": "sha512-y0dsyWgEPW4GOhSTatgGnfe2bUbzk8/nvEB6Ee9ER919aMVzaIVNiOxsb7LeiLXs4e+oiDOtXPnX2WBUTBIDfg==",
            "requires": {
                "@zen-lang/hl7-fhir-r4-core": "0.5.32",
                "@zen-lang/zen.fhir": "0.5.21"
            }
        },
        "@zen-lang/zen.fhir": {
            "version": "0.5.21",
            "resolved": "https://registry.npmjs.org/@zen-lang/zen.fhir/-/zen.fhir-0.5.21.tgz",
            "integrity": "sha512-Rlym2K+mVgHFeK3NFY6Xcl21t7p3bS3eCYVrJpzMWlqBOh7mhZPg5kKpqiD1YZVcmjmtnMZ4N74af+KEgbAtoQ=="
        }
    }
}
